
Microsoft Visual Studio Solution File, Format Version 12.00
# Visual Studio Version 16
VisualStudioVersion = 16.0.29411.108
MinimumVisualStudioVersion = 10.0.40219.1
Project("{FAE04EC0-301F-11D3-BF4B-00C04F79EFBC}") = "DoomLibrary", "DoomLibrary\DoomLibrary.csproj", "{B632BDB9-4FE8-45A4-85B0-00F467F47FA1}"
EndProject
Global
	GlobalSection(SolutionConfigurationPlatforms) = preSolution
		Debug|Any CPU = Debug|Any CPU
		Release|Any CPU = Release|Any CPU
	EndGlobalSection
	GlobalSection(ProjectConfigurationPlatforms) = postSolution
		{B632BDB9-4FE8-45A4-85B0-00F467F47FA1}.Debug|Any CPU.ActiveCfg = Debug|Any CPU
		{B632BDB9-4FE8-45A4-85B0-00F467F47FA1}.Debug|Any CPU.Build.0 = Debug|Any CPU
		{B632BDB9-4FE8-45A4-85B0-00F467F47FA1}.Release|Any CPU.ActiveCfg = Release|Any CPU
		{B632BDB9-4FE8-45A4-85B0-00F467F47FA1}.Release|Any CPU.Build.0 = Release|Any CPU
	EndGlobalSection
	GlobalSection(SolutionProperties) = preSolution
		HideSolutionNode = FALSE
	EndGlobalSection
	GlobalSection(ExtensibilityGlobals) = postSolution
		SolutionGuid = {2C107815-3193-412C-A5FD-29DD066FE66F}
	EndGlobalSection
EndGlobal
