
Microsoft Visual Studio Solution File, Format Version 12.00
# Visual Studio Version 16
VisualStudioVersion = 16.0.29411.108
MinimumVisualStudioVersion = 10.0.40219.1
Project("{FAE04EC0-301F-11D3-BF4B-00C04F79EFBC}") = "DoomLibrary", "DoomLibrary\DoomLibrary.csproj", "{88102952-4C9A-42FA-8A83-D47D37ECA9FF}"
EndProject
Project("{FAE04EC0-301F-11D3-BF4B-00C04F79EFBC}") = "Program", "Program\Program.csproj", "{13C0B435-1018-43FD-91CE-20FE656F92D0}"
EndProject
Global
	GlobalSection(SolutionConfigurationPlatforms) = preSolution
		Debug|Any CPU = Debug|Any CPU
		Release|Any CPU = Release|Any CPU
	EndGlobalSection
	GlobalSection(ProjectConfigurationPlatforms) = postSolution
		{88102952-4C9A-42FA-8A83-D47D37ECA9FF}.Debug|Any CPU.ActiveCfg = Debug|Any CPU
		{88102952-4C9A-42FA-8A83-D47D37ECA9FF}.Debug|Any CPU.Build.0 = Debug|Any CPU
		{88102952-4C9A-42FA-8A83-D47D37ECA9FF}.Release|Any CPU.ActiveCfg = Release|Any CPU
		{88102952-4C9A-42FA-8A83-D47D37ECA9FF}.Release|Any CPU.Build.0 = Release|Any CPU
		{13C0B435-1018-43FD-91CE-20FE656F92D0}.Debug|Any CPU.ActiveCfg = Debug|Any CPU
		{13C0B435-1018-43FD-91CE-20FE656F92D0}.Debug|Any CPU.Build.0 = Debug|Any CPU
		{13C0B435-1018-43FD-91CE-20FE656F92D0}.Release|Any CPU.ActiveCfg = Release|Any CPU
		{13C0B435-1018-43FD-91CE-20FE656F92D0}.Release|Any CPU.Build.0 = Release|Any CPU
	EndGlobalSection
	GlobalSection(SolutionProperties) = preSolution
		HideSolutionNode = FALSE
	EndGlobalSection
	GlobalSection(ExtensibilityGlobals) = postSolution
		SolutionGuid = {2DA2C6AE-8FAF-4F41-BCDA-6CA986E9BE20}
	EndGlobalSection
EndGlobal
